{
  "object": {
    "pins": [
      {
        "package": "CollectionComposer",
        "repositoryURL": "https://github.com/0x0c/CollectionComposer.git",
        "state": {
          "branch": "main",
          "revision": "bcfda1b321287e9394df035bdcf514773fae987a",
          "version": null
        }
      }
    ]
  },
  "version": 1
}
